// !$*UTF8*$!
{
	archiveVersion = 1;
	classes = {
	};
	objectVersion = 56;
	objects = {

/* Begin PBXBuildFile section */
		C70D7765297C6556008B66C1 /* PlayerModel.swift in Sources */ = {isa = PBXBuildFile; fileRef = C70D7764297C6556008B66C1 /* PlayerModel.swift */; };
		C70D7767297C6599008B66C1 /* CodableBundleExtension.swift in Sources */ = {isa = PBXBuildFile; fileRef = C70D7766297C6599008B66C1 /* CodableBundleExtension.swift */; };
		C70D7769297C689C008B66C1 /* FuturedItemView.swift in Sources */ = {isa = PBXBuildFile; fileRef = C70D7768297C689C008B66C1 /* FuturedItemView.swift */; };
		C70D776B297C69BF008B66C1 /* FuturedTabView.swift in Sources */ = {isa = PBXBuildFile; fileRef = C70D776A297C69BF008B66C1 /* FuturedTabView.swift */; };
		C70D776D297C6D95008B66C1 /* CategoryModel.swift in Sources */ = {isa = PBXBuildFile; fileRef = C70D776C297C6D94008B66C1 /* CategoryModel.swift */; };
		C70D776F297CA8E4008B66C1 /* CategoryItemView.swift in Sources */ = {isa = PBXBuildFile; fileRef = C70D776E297CA8E4008B66C1 /* CategoryItemView.swift */; };
		C70D7771297CABFE008B66C1 /* CategoryGridView.swift in Sources */ = {isa = PBXBuildFile; fileRef = C70D7770297CABFE008B66C1 /* CategoryGridView.swift */; };
		C70D7773297CAE42008B66C1 /* SectionView.swift in Sources */ = {isa = PBXBuildFile; fileRef = C70D7772297CAE42008B66C1 /* SectionView.swift */; };
		C725484E297B087C00F803CC /* brand.json in Resources */ = {isa = PBXBuildFile; fileRef = C725484A297B087C00F803CC /* brand.json */; };
		C725484F297B087C00F803CC /* player.json in Resources */ = {isa = PBXBuildFile; fileRef = C725484B297B087C00F803CC /* player.json */; };
		C7254850297B087C00F803CC /* category.json in Resources */ = {isa = PBXBuildFile; fileRef = C725484C297B087C00F803CC /* category.json */; };
		C7254851297B087C00F803CC /* product.json in Resources */ = {isa = PBXBuildFile; fileRef = C725484D297B087C00F803CC /* product.json */; };
		C725485A297B0B3F00F803CC /* Constant.swift in Sources */ = {isa = PBXBuildFile; fileRef = C7254859297B0B3F00F803CC /* Constant.swift */; };
		C725485C297B0C3900F803CC /* FooterView.swift in Sources */ = {isa = PBXBuildFile; fileRef = C725485B297B0C3900F803CC /* FooterView.swift */; };
		C725485E297B19D200F803CC /* NavigationBarView.swift in Sources */ = {isa = PBXBuildFile; fileRef = C725485D297B19D200F803CC /* NavigationBarView.swift */; };
		C759B0F3297B1E0300CD2DA7 /* LogoView.swift in Sources */ = {isa = PBXBuildFile; fileRef = C759B0F2297B1E0300CD2DA7 /* LogoView.swift */; };
		C779C4EC297B04E70081D530 /* TouchDownApp.swift in Sources */ = {isa = PBXBuildFile; fileRef = C779C4EB297B04E70081D530 /* TouchDownApp.swift */; };
		C779C4EE297B04E70081D530 /* ContentView.swift in Sources */ = {isa = PBXBuildFile; fileRef = C779C4ED297B04E70081D530 /* ContentView.swift */; };
		C779C4F0297B04EB0081D530 /* Assets.xcassets in Resources */ = {isa = PBXBuildFile; fileRef = C779C4EF297B04EB0081D530 /* Assets.xcassets */; };
		C779C4F3297B04EB0081D530 /* Preview Assets.xcassets in Resources */ = {isa = PBXBuildFile; fileRef = C779C4F2297B04EB0081D530 /* Preview Assets.xcassets */; };
/* End PBXBuildFile section */

/* Begin PBXFileReference section */
		C70D7764297C6556008B66C1 /* PlayerModel.swift */ = {isa = PBXFileReference; lastKnownFileType = sourcecode.swift; path = PlayerModel.swift; sourceTree = "<group>"; };
		C70D7766297C6599008B66C1 /* CodableBundleExtension.swift */ = {isa = PBXFileReference; lastKnownFileType = sourcecode.swift; path = CodableBundleExtension.swift; sourceTree = "<group>"; };
		C70D7768297C689C008B66C1 /* FuturedItemView.swift */ = {isa = PBXFileReference; lastKnownFileType = sourcecode.swift; path = FuturedItemView.swift; sourceTree = "<group>"; };
		C70D776A297C69BF008B66C1 /* FuturedTabView.swift */ = {isa = PBXFileReference; lastKnownFileType = sourcecode.swift; path = FuturedTabView.swift; sourceTree = "<group>"; };
		C70D776C297C6D94008B66C1 /* CategoryModel.swift */ = {isa = PBXFileReference; lastKnownFileType = sourcecode.swift; path = CategoryModel.swift; sourceTree = "<group>"; };
		C70D776E297CA8E4008B66C1 /* CategoryItemView.swift */ = {isa = PBXFileReference; lastKnownFileType = sourcecode.swift; path = CategoryItemView.swift; sourceTree = "<group>"; };
		C70D7770297CABFE008B66C1 /* CategoryGridView.swift */ = {isa = PBXFileReference; lastKnownFileType = sourcecode.swift; path = CategoryGridView.swift; sourceTree = "<group>"; };
		C70D7772297CAE42008B66C1 /* SectionView.swift */ = {isa = PBXFileReference; lastKnownFileType = sourcecode.swift; path = SectionView.swift; sourceTree = "<group>"; };
		C7254846297B073300F803CC /* Info.plist */ = {isa = PBXFileReference; lastKnownFileType = text.plist; path = Info.plist; sourceTree = "<group>"; };
		C725484A297B087C00F803CC /* brand.json */ = {isa = PBXFileReference; fileEncoding = 4; lastKnownFileType = text.json; path = brand.json; sourceTree = "<group>"; };
		C725484B297B087C00F803CC /* player.json */ = {isa = PBXFileReference; fileEncoding = 4; lastKnownFileType = text.json; path = player.json; sourceTree = "<group>"; };
		C725484C297B087C00F803CC /* category.json */ = {isa = PBXFileReference; fileEncoding = 4; lastKnownFileType = text.json; path = category.json; sourceTree = "<group>"; };
		C725484D297B087C00F803CC /* product.json */ = {isa = PBXFileReference; fileEncoding = 4; lastKnownFileType = text.json; path = product.json; sourceTree = "<group>"; };
		C7254859297B0B3F00F803CC /* Constant.swift */ = {isa = PBXFileReference; lastKnownFileType = sourcecode.swift; path = Constant.swift; sourceTree = "<group>"; };
		C725485B297B0C3900F803CC /* FooterView.swift */ = {isa = PBXFileReference; lastKnownFileType = sourcecode.swift; path = FooterView.swift; sourceTree = "<group>"; };
		C725485D297B19D200F803CC /* NavigationBarView.swift */ = {isa = PBXFileReference; lastKnownFileType = sourcecode.swift; path = NavigationBarView.swift; sourceTree = "<group>"; };
		C759B0F2297B1E0300CD2DA7 /* LogoView.swift */ = {isa = PBXFileReference; lastKnownFileType = sourcecode.swift; path = LogoView.swift; sourceTree = "<group>"; };
		C779C4E8297B04E70081D530 /* TouchDown.app */ = {isa = PBXFileReference; explicitFileType = wrapper.application; includeInIndex = 0; path = TouchDown.app; sourceTree = BUILT_PRODUCTS_DIR; };
		C779C4EB297B04E70081D530 /* TouchDownApp.swift */ = {isa = PBXFileReference; lastKnownFileType = sourcecode.swift; path = TouchDownApp.swift; sourceTree = "<group>"; };
		C779C4ED297B04E70081D530 /* ContentView.swift */ = {isa = PBXFileReference; lastKnownFileType = sourcecode.swift; path = ContentView.swift; sourceTree = "<group>"; };
		C779C4EF297B04EB0081D530 /* Assets.xcassets */ = {isa = PBXFileReference; lastKnownFileType = folder.assetcatalog; path = Assets.xcassets; sourceTree = "<group>"; };
		C779C4F2297B04EB0081D530 /* Preview Assets.xcassets */ = {isa = PBXFileReference; lastKnownFileType = folder.assetcatalog; path = "Preview Assets.xcassets"; sourceTree = "<group>"; };
/* End PBXFileReference section */

/* Begin PBXFrameworksBuildPhase section */
		C779C4E5297B04E70081D530 /* Frameworks */ = {
			isa = PBXFrameworksBuildPhase;
			buildActionMask = 2147483647;
			files = (
			);
			runOnlyForDeploymentPostprocessing = 0;
		};
/* End PBXFrameworksBuildPhase section */

/* Begin PBXGroup section */
		C7254849297B087C00F803CC /* Data */ = {
			isa = PBXGroup;
			children = (
				C725484A297B087C00F803CC /* brand.json */,
				C725484B297B087C00F803CC /* player.json */,
				C725484C297B087C00F803CC /* category.json */,
				C725484D297B087C00F803CC /* product.json */,
			);
			name = Data;
			path = "../../../Downloads/SWIFTUI-APP-TOUCHDOWN/Completed/Touchdown/Touchdown/Data";
			sourceTree = "<group>";
		};
		C7254852297B088E00F803CC /* App */ = {
			isa = PBXGroup;
			children = (
				C779C4EB297B04E70081D530 /* TouchDownApp.swift */,
				C779C4ED297B04E70081D530 /* ContentView.swift */,
			);
			path = App;
			sourceTree = "<group>";
		};
		C7254853297B096C00F803CC /* View */ = {
			isa = PBXGroup;
			children = (
				C7254855297B097A00F803CC /* Detail */,
				C7254854297B096F00F803CC /* Home */,
			);
			path = View;
			sourceTree = "<group>";
		};
		C7254854297B096F00F803CC /* Home */ = {
			isa = PBXGroup;
			children = (
				C725485B297B0C3900F803CC /* FooterView.swift */,
				C725485D297B19D200F803CC /* NavigationBarView.swift */,
				C759B0F2297B1E0300CD2DA7 /* LogoView.swift */,
				C70D7768297C689C008B66C1 /* FuturedItemView.swift */,
				C70D776A297C69BF008B66C1 /* FuturedTabView.swift */,
				C70D776E297CA8E4008B66C1 /* CategoryItemView.swift */,
				C70D7770297CABFE008B66C1 /* CategoryGridView.swift */,
				C70D7772297CAE42008B66C1 /* SectionView.swift */,
			);
			path = Home;
			sourceTree = "<group>";
		};
		C7254855297B097A00F803CC /* Detail */ = {
			isa = PBXGroup;
			children = (
			);
			path = Detail;
			sourceTree = "<group>";
		};
		C7254856297B098800F803CC /* Model */ = {
			isa = PBXGroup;
			children = (
				C70D7764297C6556008B66C1 /* PlayerModel.swift */,
				C70D776C297C6D94008B66C1 /* CategoryModel.swift */,
			);
			path = Model;
			sourceTree = "<group>";
		};
		C7254857297B0A6400F803CC /* Utility */ = {
			isa = PBXGroup;
			children = (
				C7254859297B0B3F00F803CC /* Constant.swift */,
			);
			path = Utility;
			sourceTree = "<group>";
		};
		C7254858297B0A6C00F803CC /* Extension */ = {
			isa = PBXGroup;
			children = (
				C70D7766297C6599008B66C1 /* CodableBundleExtension.swift */,
			);
			path = Extension;
			sourceTree = "<group>";
		};
		C779C4DF297B04E70081D530 = {
			isa = PBXGroup;
			children = (
				C779C4EA297B04E70081D530 /* TouchDown */,
				C779C4E9297B04E70081D530 /* Products */,
			);
			sourceTree = "<group>";
		};
		C779C4E9297B04E70081D530 /* Products */ = {
			isa = PBXGroup;
			children = (
				C779C4E8297B04E70081D530 /* TouchDown.app */,
			);
			name = Products;
			sourceTree = "<group>";
		};
		C779C4EA297B04E70081D530 /* TouchDown */ = {
			isa = PBXGroup;
			children = (
				C7254852297B088E00F803CC /* App */,
				C7254857297B0A6400F803CC /* Utility */,
				C7254856297B098800F803CC /* Model */,
				C7254853297B096C00F803CC /* View */,
				C7254849297B087C00F803CC /* Data */,
				C7254858297B0A6C00F803CC /* Extension */,
				C7254846297B073300F803CC /* Info.plist */,
				C779C4EF297B04EB0081D530 /* Assets.xcassets */,
				C779C4F1297B04EB0081D530 /* Preview Content */,
			);
			path = TouchDown;
			sourceTree = "<group>";
		};
		C779C4F1297B04EB0081D530 /* Preview Content */ = {
			isa = PBXGroup;
			children = (
				C779C4F2297B04EB0081D530 /* Preview Assets.xcassets */,
			);
			path = "Preview Content";
			sourceTree = "<group>";
		};
/* End PBXGroup section */

/* Begin PBXNativeTarget section */
		C779C4E7297B04E70081D530 /* TouchDown */ = {
			isa = PBXNativeTarget;
			buildConfigurationList = C779C4F6297B04EB0081D530 /* Build configuration list for PBXNativeTarget "TouchDown" */;
			buildPhases = (
				C779C4E4297B04E70081D530 /* Sources */,
				C779C4E5297B04E70081D530 /* Frameworks */,
				C779C4E6297B04E70081D530 /* Resources */,
			);
			buildRules = (
			);
			dependencies = (
			);
			name = TouchDown;
			productName = TouchDown;
			productReference = C779C4E8297B04E70081D530 /* TouchDown.app */;
			productType = "com.apple.product-type.application";
		};
/* End PBXNativeTarget section */

/* Begin PBXProject section */
		C779C4E0297B04E70081D530 /* Project object */ = {
			isa = PBXProject;
			attributes = {
				BuildIndependentTargetsInParallel = 1;
				LastSwiftUpdateCheck = 1420;
				LastUpgradeCheck = 1420;
				TargetAttributes = {
					C779C4E7297B04E70081D530 = {
						CreatedOnToolsVersion = 14.2;
					};
				};
			};
			buildConfigurationList = C779C4E3297B04E70081D530 /* Build configuration list for PBXProject "TouchDown" */;
			compatibilityVersion = "Xcode 14.0";
			developmentRegion = en;
			hasScannedForEncodings = 0;
			knownRegions = (
				en,
				Base,
			);
			mainGroup = C779C4DF297B04E70081D530;
			productRefGroup = C779C4E9297B04E70081D530 /* Products */;
			projectDirPath = "";
			projectRoot = "";
			targets = (
				C779C4E7297B04E70081D530 /* TouchDown */,
			);
		};
/* End PBXProject section */

/* Begin PBXResourcesBuildPhase section */
		C779C4E6297B04E70081D530 /* Resources */ = {
			isa = PBXResourcesBuildPhase;
			buildActionMask = 2147483647;
			files = (
				C725484F297B087C00F803CC /* player.json in Resources */,
				C779C4F3297B04EB0081D530 /* Preview Assets.xcassets in Resources */,
				C7254850297B087C00F803CC /* category.json in Resources */,
				C779C4F0297B04EB0081D530 /* Assets.xcassets in Resources */,
				C725484E297B087C00F803CC /* brand.json in Resources */,
				C7254851297B087C00F803CC /* product.json in Resources */,
			);
			runOnlyForDeploymentPostprocessing = 0;
		};
/* End PBXResourcesBuildPhase section */

/* Begin PBXSourcesBuildPhase section */
		C779C4E4297B04E70081D530 /* Sources */ = {
			isa = PBXSourcesBuildPhase;
			buildActionMask = 2147483647;
			files = (
				C70D7769297C689C008B66C1 /* FuturedItemView.swift in Sources */,
				C70D7767297C6599008B66C1 /* CodableBundleExtension.swift in Sources */,
				C779C4EE297B04E70081D530 /* ContentView.swift in Sources */,
				C759B0F3297B1E0300CD2DA7 /* LogoView.swift in Sources */,
				C725485C297B0C3900F803CC /* FooterView.swift in Sources */,
				C779C4EC297B04E70081D530 /* TouchDownApp.swift in Sources */,
				C725485A297B0B3F00F803CC /* Constant.swift in Sources */,
				C70D7771297CABFE008B66C1 /* CategoryGridView.swift in Sources */,
				C70D776D297C6D95008B66C1 /* CategoryModel.swift in Sources */,
				C725485E297B19D200F803CC /* NavigationBarView.swift in Sources */,
				C70D7773297CAE42008B66C1 /* SectionView.swift in Sources */,
				C70D776F297CA8E4008B66C1 /* CategoryItemView.swift in Sources */,
				C70D776B297C69BF008B66C1 /* FuturedTabView.swift in Sources */,
				C70D7765297C6556008B66C1 /* PlayerModel.swift in Sources */,
			);
			runOnlyForDeploymentPostprocessing = 0;
		};
/* End PBXSourcesBuildPhase section */

/* Begin XCBuildConfiguration section */
		C779C4F4297B04EB0081D530 /* Debug */ = {
			isa = XCBuildConfiguration;
			buildSettings = {
				ALWAYS_SEARCH_USER_PATHS = NO;
				CLANG_ANALYZER_NONNULL = YES;
				CLANG_ANALYZER_NUMBER_OBJECT_CONVERSION = YES_AGGRESSIVE;
				CLANG_CXX_LANGUAGE_STANDARD = "gnu++20";
				CLANG_ENABLE_MODULES = YES;
				CLANG_ENABLE_OBJC_ARC = YES;
				CLANG_ENABLE_OBJC_WEAK = YES;
				CLANG_WARN_BLOCK_CAPTURE_AUTORELEASING = YES;
				CLANG_WARN_BOOL_CONVERSION = YES;
				CLANG_WARN_COMMA = YES;
				CLANG_WARN_CONSTANT_CONVERSION = YES;
				CLANG_WARN_DEPRECATED_OBJC_IMPLEMENTATIONS = YES;
				CLANG_WARN_DIRECT_OBJC_ISA_USAGE = YES_ERROR;
				CLANG_WARN_DOCUMENTATION_COMMENTS = YES;
				CLANG_WARN_EMPTY_BODY = YES;
				CLANG_WARN_ENUM_CONVERSION = YES;
				CLANG_WARN_INFINITE_RECURSION = YES;
				CLANG_WARN_INT_CONVERSION = YES;
				CLANG_WARN_NON_LITERAL_NULL_CONVERSION = YES;
				CLANG_WARN_OBJC_IMPLICIT_RETAIN_SELF = YES;
				CLANG_WARN_OBJC_LITERAL_CONVERSION = YES;
				CLANG_WARN_OBJC_ROOT_CLASS = YES_ERROR;
				CLANG_WARN_QUOTED_INCLUDE_IN_FRAMEWORK_HEADER = YES;
				CLANG_WARN_RANGE_LOOP_ANALYSIS = YES;
				CLANG_WARN_STRICT_PROTOTYPES = YES;
				CLANG_WARN_SUSPICIOUS_MOVE = YES;
				CLANG_WARN_UNGUARDED_AVAILABILITY = YES_AGGRESSIVE;
				CLANG_WARN_UNREACHABLE_CODE = YES;
				CLANG_WARN__DUPLICATE_METHOD_MATCH = YES;
				COPY_PHASE_STRIP = NO;
				DEBUG_INFORMATION_FORMAT = dwarf;
				ENABLE_STRICT_OBJC_MSGSEND = YES;
				ENABLE_TESTABILITY = YES;
				GCC_C_LANGUAGE_STANDARD = gnu11;
				GCC_DYNAMIC_NO_PIC = NO;
				GCC_NO_COMMON_BLOCKS = YES;
				GCC_OPTIMIZATION_LEVEL = 0;
				GCC_PREPROCESSOR_DEFINITIONS = (
					"DEBUG=1",
					"$(inherited)",
				);
				GCC_WARN_64_TO_32_BIT_CONVERSION = YES;
				GCC_WARN_ABOUT_RETURN_TYPE = YES_ERROR;
				GCC_WARN_UNDECLARED_SELECTOR = YES;
				GCC_WARN_UNINITIALIZED_AUTOS = YES_AGGRESSIVE;
				GCC_WARN_UNUSED_FUNCTION = YES;
				GCC_WARN_UNUSED_VARIABLE = YES;
				IPHONEOS_DEPLOYMENT_TARGET = 16.2;
				MTL_ENABLE_DEBUG_INFO = INCLUDE_SOURCE;
				MTL_FAST_MATH = YES;
				ONLY_ACTIVE_ARCH = YES;
				SDKROOT = iphoneos;
				SWIFT_ACTIVE_COMPILATION_CONDITIONS = DEBUG;
				SWIFT_OPTIMIZATION_LEVEL = "-Onone";
			};
			name = Debug;
		};
		C779C4F5297B04EB0081D530 /* Release */ = {
			isa = XCBuildConfiguration;
			buildSettings = {
				ALWAYS_SEARCH_USER_PATHS = NO;
				CLANG_ANALYZER_NONNULL = YES;
				CLANG_ANALYZER_NUMBER_OBJECT_CONVERSION = YES_AGGRESSIVE;
				CLANG_CXX_LANGUAGE_STANDARD = "gnu++20";
				CLANG_ENABLE_MODULES = YES;
				CLANG_ENABLE_OBJC_ARC = YES;
				CLANG_ENABLE_OBJC_WEAK = YES;
				CLANG_WARN_BLOCK_CAPTURE_AUTORELEASING = YES;
				CLANG_WARN_BOOL_CONVERSION = YES;
				CLANG_WARN_COMMA = YES;
				CLANG_WARN_CONSTANT_CONVERSION = YES;
				CLANG_WARN_DEPRECATED_OBJC_IMPLEMENTATIONS = YES;
				CLANG_WARN_DIRECT_OBJC_ISA_USAGE = YES_ERROR;
				CLANG_WARN_DOCUMENTATION_COMMENTS = YES;
				CLANG_WARN_EMPTY_BODY = YES;
				CLANG_WARN_ENUM_CONVERSION = YES;
				CLANG_WARN_INFINITE_RECURSION = YES;
				CLANG_WARN_INT_CONVERSION = YES;
				CLANG_WARN_NON_LITERAL_NULL_CONVERSION = YES;
				CLANG_WARN_OBJC_IMPLICIT_RETAIN_SELF = YES;
				CLANG_WARN_OBJC_LITERAL_CONVERSION = YES;
				CLANG_WARN_OBJC_ROOT_CLASS = YES_ERROR;
				CLANG_WARN_QUOTED_INCLUDE_IN_FRAMEWORK_HEADER = YES;
				CLANG_WARN_RANGE_LOOP_ANALYSIS = YES;
				CLANG_WARN_STRICT_PROTOTYPES = YES;
				CLANG_WARN_SUSPICIOUS_MOVE = YES;
				CLANG_WARN_UNGUARDED_AVAILABILITY = YES_AGGRESSIVE;
				CLANG_WARN_UNREACHABLE_CODE = YES;
				CLANG_WARN__DUPLICATE_METHOD_MATCH = YES;
				COPY_PHASE_STRIP = NO;
				DEBUG_INFORMATION_FORMAT = "dwarf-with-dsym";
				ENABLE_NS_ASSERTIONS = NO;
				ENABLE_STRICT_OBJC_MSGSEND = YES;
				GCC_C_LANGUAGE_STANDARD = gnu11;
				GCC_NO_COMMON_BLOCKS = YES;
				GCC_WARN_64_TO_32_BIT_CONVERSION = YES;
				GCC_WARN_ABOUT_RETURN_TYPE = YES_ERROR;
				GCC_WARN_UNDECLARED_SELECTOR = YES;
				GCC_WARN_UNINITIALIZED_AUTOS = YES_AGGRESSIVE;
				GCC_WARN_UNUSED_FUNCTION = YES;
				GCC_WARN_UNUSED_VARIABLE = YES;
				IPHONEOS_DEPLOYMENT_TARGET = 16.2;
				MTL_ENABLE_DEBUG_INFO = NO;
				MTL_FAST_MATH = YES;
				SDKROOT = iphoneos;
				SWIFT_COMPILATION_MODE = wholemodule;
				SWIFT_OPTIMIZATION_LEVEL = "-O";
				VALIDATE_PRODUCT = YES;
			};
			name = Release;
		};
		C779C4F7297B04EB0081D530 /* Debug */ = {
			isa = XCBuildConfiguration;
			buildSettings = {
				ASSETCATALOG_COMPILER_APPICON_NAME = AppIcon;
				ASSETCATALOG_COMPILER_GLOBAL_ACCENT_COLOR_NAME = AccentColor;
				CODE_SIGN_STYLE = Automatic;
				CURRENT_PROJECT_VERSION = 1;
				DEVELOPMENT_ASSET_PATHS = "\"TouchDown/Preview Content\"";
				DEVELOPMENT_TEAM = S62D5DL32C;
				ENABLE_PREVIEWS = YES;
				GENERATE_INFOPLIST_FILE = YES;
				INFOPLIST_FILE = TouchDown/Info.plist;
				INFOPLIST_KEY_UIApplicationSceneManifest_Generation = YES;
				INFOPLIST_KEY_UIApplicationSupportsIndirectInputEvents = YES;
				INFOPLIST_KEY_UISupportedInterfaceOrientations_iPad = "UIInterfaceOrientationPortrait UIInterfaceOrientationPortraitUpsideDown UIInterfaceOrientationLandscapeLeft UIInterfaceOrientationLandscapeRight";
				INFOPLIST_KEY_UISupportedInterfaceOrientations_iPhone = "UIInterfaceOrientationPortrait UIInterfaceOrientationLandscapeLeft UIInterfaceOrientationLandscapeRight";
				INFOPLIST_KEY_UIUserInterfaceStyle = Light;
				LD_RUNPATH_SEARCH_PATHS = (
					"$(inherited)",
					"@executable_path/Frameworks",
				);
				MARKETING_VERSION = 1.0;
				PRODUCT_BUNDLE_IDENTIFIER = yanenkopetr.TouchDown;
				PRODUCT_NAME = "$(TARGET_NAME)";
				SWIFT_EMIT_LOC_STRINGS = YES;
				SWIFT_VERSION = 5.0;
				TARGETED_DEVICE_FAMILY = "1,2";
			};
			name = Debug;
		};
		C779C4F8297B04EB0081D530 /* Release */ = {
			isa = XCBuildConfiguration;
			buildSettings = {
				ASSETCATALOG_COMPILER_APPICON_NAME = AppIcon;
				ASSETCATALOG_COMPILER_GLOBAL_ACCENT_COLOR_NAME = AccentColor;
				CODE_SIGN_STYLE = Automatic;
				CURRENT_PROJECT_VERSION = 1;
				DEVELOPMENT_ASSET_PATHS = "\"TouchDown/Preview Content\"";
				DEVELOPMENT_TEAM = S62D5DL32C;
				ENABLE_PREVIEWS = YES;
				GENERATE_INFOPLIST_FILE = YES;
				INFOPLIST_FILE = TouchDown/Info.plist;
				INFOPLIST_KEY_UIApplicationSceneManifest_Generation = YES;
				INFOPLIST_KEY_UIApplicationSupportsIndirectInputEvents = YES;
				INFOPLIST_KEY_UISupportedInterfaceOrientations_iPad = "UIInterfaceOrientationPortrait UIInterfaceOrientationPortraitUpsideDown UIInterfaceOrientationLandscapeLeft UIInterfaceOrientationLandscapeRight";
				INFOPLIST_KEY_UISupportedInterfaceOrientations_iPhone = "UIInterfaceOrientationPortrait UIInterfaceOrientationLandscapeLeft UIInterfaceOrientationLandscapeRight";
				INFOPLIST_KEY_UIUserInterfaceStyle = Light;
				LD_RUNPATH_SEARCH_PATHS = (
					"$(inherited)",
					"@executable_path/Frameworks",
				);
				MARKETING_VERSION = 1.0;
				PRODUCT_BUNDLE_IDENTIFIER = yanenkopetr.TouchDown;
				PRODUCT_NAME = "$(TARGET_NAME)";
				SWIFT_EMIT_LOC_STRINGS = YES;
				SWIFT_VERSION = 5.0;
				TARGETED_DEVICE_FAMILY = "1,2";
			};
			name = Release;
		};
/* End XCBuildConfiguration section */

/* Begin XCConfigurationList section */
		C779C4E3297B04E70081D530 /* Build configuration list for PBXProject "TouchDown" */ = {
			isa = XCConfigurationList;
			buildConfigurations = (
				C779C4F4297B04EB0081D530 /* Debug */,
				C779C4F5297B04EB0081D530 /* Release */,
			);
			defaultConfigurationIsVisible = 0;
			defaultConfigurationName = Release;
		};
		C779C4F6297B04EB0081D530 /* Build configuration list for PBXNativeTarget "TouchDown" */ = {
			isa = XCConfigurationList;
			buildConfigurations = (
				C779C4F7297B04EB0081D530 /* Debug */,
				C779C4F8297B04EB0081D530 /* Release */,
			);
			defaultConfigurationIsVisible = 0;
			defaultConfigurationName = Release;
		};
/* End XCConfigurationList section */
	};
	rootObject = C779C4E0297B04E70081D530 /* Project object */;
}
